// !$*UTF8*$!
{
	archiveVersion = 1;
	classes = {
	};
	objectVersion = 50;
	objects = {

/* Begin PBXBuildFile section */
		01B8784024A11141008D699D /* AppDelegate.swift in Sources */ = {isa = PBXBuildFile; fileRef = 01B8783F24A11141008D699D /* AppDelegate.swift */; };
		01B8784224A11141008D699D /* SceneDelegate.swift in Sources */ = {isa = PBXBuildFile; fileRef = 01B8784124A11141008D699D /* SceneDelegate.swift */; };
		01B8784724A11141008D699D /* Main.storyboard in Resources */ = {isa = PBXBuildFile; fileRef = 01B8784524A11141008D699D /* Main.storyboard */; };
		01B8784A24A11141008D699D /* ToDoListPractice.xcdatamodeld in Sources */ = {isa = PBXBuildFile; fileRef = 01B8784824A11141008D699D /* ToDoListPractice.xcdatamodeld */; };
		01B8784C24A11143008D699D /* Assets.xcassets in Resources */ = {isa = PBXBuildFile; fileRef = 01B8784B24A11143008D699D /* Assets.xcassets */; };
		01B8784F24A11143008D699D /* LaunchScreen.storyboard in Resources */ = {isa = PBXBuildFile; fileRef = 01B8784D24A11143008D699D /* LaunchScreen.storyboard */; };
		01B8785724A11400008D699D /* ToDoTableViewController.swift in Sources */ = {isa = PBXBuildFile; fileRef = 01B8785624A11400008D699D /* ToDoTableViewController.swift */; };
		01B8785924A11507008D699D /* ToDo.swift in Sources */ = {isa = PBXBuildFile; fileRef = 01B8785824A11507008D699D /* ToDo.swift */; };
		01B8785B24A25425008D699D /* AddToDoViewControllerCollectionViewController.swift in Sources */ = {isa = PBXBuildFile; fileRef = 01B8785A24A25425008D699D /* AddToDoViewControllerCollectionViewController.swift */; };
/* End PBXBuildFile section */

/* Begin PBXFileReference section */
		01B8783C24A11141008D699D /* ToDoListPractice.app */ = {isa = PBXFileReference; explicitFileType = wrapper.application; includeInIndex = 0; path = ToDoListPractice.app; sourceTree = BUILT_PRODUCTS_DIR; };
		01B8783F24A11141008D699D /* AppDelegate.swift */ = {isa = PBXFileReference; lastKnownFileType = sourcecode.swift; path = AppDelegate.swift; sourceTree = "<group>"; };
		01B8784124A11141008D699D /* SceneDelegate.swift */ = {isa = PBXFileReference; lastKnownFileType = sourcecode.swift; path = SceneDelegate.swift; sourceTree = "<group>"; };
		01B8784624A11141008D699D /* Base */ = {isa = PBXFileReference; lastKnownFileType = file.storyboard; name = Base; path = Base.lproj/Main.storyboard; sourceTree = "<group>"; };
		01B8784924A11141008D699D /* ToDoListPractice.xcdatamodel */ = {isa = PBXFileReference; lastKnownFileType = wrapper.xcdatamodel; path = ToDoListPractice.xcdatamodel; sourceTree = "<group>"; };
		01B8784B24A11143008D699D /* Assets.xcassets */ = {isa = PBXFileReference; lastKnownFileType = folder.assetcatalog; path = Assets.xcassets; sourceTree = "<group>"; };
		01B8784E24A11143008D699D /* Base */ = {isa = PBXFileReference; lastKnownFileType = file.storyboard; name = Base; path = Base.lproj/LaunchScreen.storyboard; sourceTree = "<group>"; };
		01B8785024A11143008D699D /* Info.plist */ = {isa = PBXFileReference; lastKnownFileType = text.plist.xml; path = Info.plist; sourceTree = "<group>"; };
		01B8785624A11400008D699D /* ToDoTableViewController.swift */ = {isa = PBXFileReference; lastKnownFileType = sourcecode.swift; path = ToDoTableViewController.swift; sourceTree = "<group>"; };
		01B8785824A11507008D699D /* ToDo.swift */ = {isa = PBXFileReference; lastKnownFileType = sourcecode.swift; path = ToDo.swift; sourceTree = "<group>"; };
		01B8785A24A25425008D699D /* AddToDoViewControllerCollectionViewController.swift */ = {isa = PBXFileReference; lastKnownFileType = sourcecode.swift; path = AddToDoViewControllerCollectionViewController.swift; sourceTree = "<group>"; };
/* End PBXFileReference section */

/* Begin PBXFrameworksBuildPhase section */
		01B8783924A11141008D699D /* Frameworks */ = {
			isa = PBXFrameworksBuildPhase;
			buildActionMask = 2147483647;
			files = (
			);
			runOnlyForDeploymentPostprocessing = 0;
		};
/* End PBXFrameworksBuildPhase section */

/* Begin PBXGroup section */
		01B8783324A11141008D699D = {
			isa = PBXGroup;
			children = (
				01B8785624A11400008D699D /* ToDoTableViewController.swift */,
				01B8783E24A11141008D699D /* ToDoListPractice */,
				01B8783D24A11141008D699D /* Products */,
			);
			sourceTree = "<group>";
		};
		01B8783D24A11141008D699D /* Products */ = {
			isa = PBXGroup;
			children = (
				01B8783C24A11141008D699D /* ToDoListPractice.app */,
			);
			name = Products;
			sourceTree = "<group>";
		};
		01B8783E24A11141008D699D /* ToDoListPractice */ = {
			isa = PBXGroup;
			children = (
				01B8783F24A11141008D699D /* AppDelegate.swift */,
				01B8784124A11141008D699D /* SceneDelegate.swift */,
				01B8784524A11141008D699D /* Main.storyboard */,
				01B8785A24A25425008D699D /* AddToDoViewControllerCollectionViewController.swift */,
				01B8785824A11507008D699D /* ToDo.swift */,
				01B8784B24A11143008D699D /* Assets.xcassets */,
				01B8784D24A11143008D699D /* LaunchScreen.storyboard */,
				01B8785024A11143008D699D /* Info.plist */,
				01B8784824A11141008D699D /* ToDoListPractice.xcdatamodeld */,
			);
			path = ToDoListPractice;
			sourceTree = "<group>";
		};
/* End PBXGroup section */

/* Begin PBXNativeTarget section */
		01B8783B24A11141008D699D /* ToDoListPractice */ = {
			isa = PBXNativeTarget;
			buildConfigurationList = 01B8785324A11143008D699D /* Build configuration list for PBXNativeTarget "ToDoListPractice" */;
			buildPhases = (
				01B8783824A11141008D699D /* Sources */,
				01B8783924A11141008D699D /* Frameworks */,
				01B8783A24A11141008D699D /* Resources */,
			);
			buildRules = (
			);
			dependencies = (
			);
			name = ToDoListPractice;
			productName = ToDoListPractice;
			productReference = 01B8783C24A11141008D699D /* ToDoListPractice.app */;
			productType = "com.apple.product-type.application";
		};
/* End PBXNativeTarget section */

/* Begin PBXProject section */
		01B8783424A11141008D699D /* Project object */ = {
			isa = PBXProject;
			attributes = {
				LastSwiftUpdateCheck = 1150;
				LastUpgradeCheck = 1150;
				ORGANIZATIONNAME = gabriella;
				TargetAttributes = {
					01B8783B24A11141008D699D = {
						CreatedOnToolsVersion = 11.5;
					};
				};
			};
			buildConfigurationList = 01B8783724A11141008D699D /* Build configuration list for PBXProject "ToDoListPractice" */;
			compatibilityVersion = "Xcode 9.3";
			developmentRegion = en;
			hasScannedForEncodings = 0;
			knownRegions = (
				en,
				Base,
			);
			mainGroup = 01B8783324A11141008D699D;
			productRefGroup = 01B8783D24A11141008D699D /* Products */;
			projectDirPath = "";
			projectRoot = "";
			targets = (
				01B8783B24A11141008D699D /* ToDoListPractice */,
			);
		};
/* End PBXProject section */

/* Begin PBXResourcesBuildPhase section */
		01B8783A24A11141008D699D /* Resources */ = {
			isa = PBXResourcesBuildPhase;
			buildActionMask = 2147483647;
			files = (
				01B8784F24A11143008D699D /* LaunchScreen.storyboard in Resources */,
				01B8784C24A11143008D699D /* Assets.xcassets in Resources */,
				01B8784724A11141008D699D /* Main.storyboard in Resources */,
			);
			runOnlyForDeploymentPostprocessing = 0;
		};
/* End PBXResourcesBuildPhase section */

/* Begin PBXSourcesBuildPhase section */
		01B8783824A11141008D699D /* Sources */ = {
			isa = PBXSourcesBuildPhase;
			buildActionMask = 2147483647;
			files = (
				01B8784024A11141008D699D /* AppDelegate.swift in Sources */,
				01B8785B24A25425008D699D /* AddToDoViewControllerCollectionViewController.swift in Sources */,
				01B8785924A11507008D699D /* ToDo.swift in Sources */,
				01B8785724A11400008D699D /* ToDoTableViewController.swift in Sources */,
				01B8784A24A11141008D699D /* ToDoListPractice.xcdatamodeld in Sources */,
				01B8784224A11141008D699D /* SceneDelegate.swift in Sources */,
			);
			runOnlyForDeploymentPostprocessing = 0;
		};
/* End PBXSourcesBuildPhase section */

/* Begin PBXVariantGroup section */
		01B8784524A11141008D699D /* Main.storyboard */ = {
			isa = PBXVariantGroup;
			children = (
				01B8784624A11141008D699D /* Base */,
			);
			name = Main.storyboard;
			sourceTree = "<group>";
		};
		01B8784D24A11143008D699D /* LaunchScreen.storyboard */ = {
			isa = PBXVariantGroup;
			children = (
				01B8784E24A11143008D699D /* Base */,
			);
			name = LaunchScreen.storyboard;
			sourceTree = "<group>";
		};
/* End PBXVariantGroup section */

/* Begin XCBuildConfiguration section */
		01B8785124A11143008D699D /* Debug */ = {
			isa = XCBuildConfiguration;
			buildSettings = {
				ALWAYS_SEARCH_USER_PATHS = NO;
				CLANG_ANALYZER_NONNULL = YES;
				CLANG_ANALYZER_NUMBER_OBJECT_CONVERSION = YES_AGGRESSIVE;
				CLANG_CXX_LANGUAGE_STANDARD = "gnu++14";
				CLANG_CXX_LIBRARY = "libc++";
				CLANG_ENABLE_MODULES = YES;
				CLANG_ENABLE_OBJC_ARC = YES;
				CLANG_ENABLE_OBJC_WEAK = YES;
				CLANG_WARN_BLOCK_CAPTURE_AUTORELEASING = YES;
				CLANG_WARN_BOOL_CONVERSION = YES;
				CLANG_WARN_COMMA = YES;
				CLANG_WARN_CONSTANT_CONVERSION = YES;
				CLANG_WARN_DEPRECATED_OBJC_IMPLEMENTATIONS = YES;
				CLANG_WARN_DIRECT_OBJC_ISA_USAGE = YES_ERROR;
				CLANG_WARN_DOCUMENTATION_COMMENTS = YES;
				CLANG_WARN_EMPTY_BODY = YES;
				CLANG_WARN_ENUM_CONVERSION = YES;
				CLANG_WARN_INFINITE_RECURSION = YES;
				CLANG_WARN_INT_CONVERSION = YES;
				CLANG_WARN_NON_LITERAL_NULL_CONVERSION = YES;
				CLANG_WARN_OBJC_IMPLICIT_RETAIN_SELF = YES;
				CLANG_WARN_OBJC_LITERAL_CONVERSION = YES;
				CLANG_WARN_OBJC_ROOT_CLASS = YES_ERROR;
				CLANG_WARN_RANGE_LOOP_ANALYSIS = YES;
				CLANG_WARN_STRICT_PROTOTYPES = YES;
				CLANG_WARN_SUSPICIOUS_MOVE = YES;
				CLANG_WARN_UNGUARDED_AVAILABILITY = YES_AGGRESSIVE;
				CLANG_WARN_UNREACHABLE_CODE = YES;
				CLANG_WARN__DUPLICATE_METHOD_MATCH = YES;
				COPY_PHASE_STRIP = NO;
				DEBUG_INFORMATION_FORMAT = dwarf;
				ENABLE_STRICT_OBJC_MSGSEND = YES;
				ENABLE_TESTABILITY = YES;
				GCC_C_LANGUAGE_STANDARD = gnu11;
				GCC_DYNAMIC_NO_PIC = NO;
				GCC_NO_COMMON_BLOCKS = YES;
				GCC_OPTIMIZATION_LEVEL = 0;
				GCC_PREPROCESSOR_DEFINITIONS = (
					"DEBUG=1",
					"$(inherited)",
				);
				GCC_WARN_64_TO_32_BIT_CONVERSION = YES;
				GCC_WARN_ABOUT_RETURN_TYPE = YES_ERROR;
				GCC_WARN_UNDECLARED_SELECTOR = YES;
				GCC_WARN_UNINITIALIZED_AUTOS = YES_AGGRESSIVE;
				GCC_WARN_UNUSED_FUNCTION = YES;
				GCC_WARN_UNUSED_VARIABLE = YES;
				IPHONEOS_DEPLOYMENT_TARGET = 13.5;
				MTL_ENABLE_DEBUG_INFO = INCLUDE_SOURCE;
				MTL_FAST_MATH = YES;
				ONLY_ACTIVE_ARCH = YES;
				SDKROOT = iphoneos;
				SWIFT_ACTIVE_COMPILATION_CONDITIONS = DEBUG;
				SWIFT_OPTIMIZATION_LEVEL = "-Onone";
			};
			name = Debug;
		};
		01B8785224A11143008D699D /* Release */ = {
			isa = XCBuildConfiguration;
			buildSettings = {
				ALWAYS_SEARCH_USER_PATHS = NO;
				CLANG_ANALYZER_NONNULL = YES;
				CLANG_ANALYZER_NUMBER_OBJECT_CONVERSION = YES_AGGRESSIVE;
				CLANG_CXX_LANGUAGE_STANDARD = "gnu++14";
				CLANG_CXX_LIBRARY = "libc++";
				CLANG_ENABLE_MODULES = YES;
				CLANG_ENABLE_OBJC_ARC = YES;
				CLANG_ENABLE_OBJC_WEAK = YES;
				CLANG_WARN_BLOCK_CAPTURE_AUTORELEASING = YES;
				CLANG_WARN_BOOL_CONVERSION = YES;
				CLANG_WARN_COMMA = YES;
				CLANG_WARN_CONSTANT_CONVERSION = YES;
				CLANG_WARN_DEPRECATED_OBJC_IMPLEMENTATIONS = YES;
				CLANG_WARN_DIRECT_OBJC_ISA_USAGE = YES_ERROR;
				CLANG_WARN_DOCUMENTATION_COMMENTS = YES;
				CLANG_WARN_EMPTY_BODY = YES;
				CLANG_WARN_ENUM_CONVERSION = YES;
				CLANG_WARN_INFINITE_RECURSION = YES;
				CLANG_WARN_INT_CONVERSION = YES;
				CLANG_WARN_NON_LITERAL_NULL_CONVERSION = YES;
				CLANG_WARN_OBJC_IMPLICIT_RETAIN_SELF = YES;
				CLANG_WARN_OBJC_LITERAL_CONVERSION = YES;
				CLANG_WARN_OBJC_ROOT_CLASS = YES_ERROR;
				CLANG_WARN_RANGE_LOOP_ANALYSIS = YES;
				CLANG_WARN_STRICT_PROTOTYPES = YES;
				CLANG_WARN_SUSPICIOUS_MOVE = YES;
				CLANG_WARN_UNGUARDED_AVAILABILITY = YES_AGGRESSIVE;
				CLANG_WARN_UNREACHABLE_CODE = YES;
				CLANG_WARN__DUPLICATE_METHOD_MATCH = YES;
				COPY_PHASE_STRIP = NO;
				DEBUG_INFORMATION_FORMAT = "dwarf-with-dsym";
				ENABLE_NS_ASSERTIONS = NO;
				ENABLE_STRICT_OBJC_MSGSEND = YES;
				GCC_C_LANGUAGE_STANDARD = gnu11;
				GCC_NO_COMMON_BLOCKS = YES;
				GCC_WARN_64_TO_32_BIT_CONVERSION = YES;
				GCC_WARN_ABOUT_RETURN_TYPE = YES_ERROR;
				GCC_WARN_UNDECLARED_SELECTOR = YES;
				GCC_WARN_UNINITIALIZED_AUTOS = YES_AGGRESSIVE;
				GCC_WARN_UNUSED_FUNCTION = YES;
				GCC_WARN_UNUSED_VARIABLE = YES;
				IPHONEOS_DEPLOYMENT_TARGET = 13.5;
				MTL_ENABLE_DEBUG_INFO = NO;
				MTL_FAST_MATH = YES;
				SDKROOT = iphoneos;
				SWIFT_COMPILATION_MODE = wholemodule;
				SWIFT_OPTIMIZATION_LEVEL = "-O";
				VALIDATE_PRODUCT = YES;
			};
			name = Release;
		};
		01B8785424A11143008D699D /* Debug */ = {
			isa = XCBuildConfiguration;
			buildSettings = {
				ASSETCATALOG_COMPILER_APPICON_NAME = AppIcon;
				CODE_SIGN_STYLE = Automatic;
				INFOPLIST_FILE = ToDoListPractice/Info.plist;
				LD_RUNPATH_SEARCH_PATHS = (
					"$(inherited)",
					"@executable_path/Frameworks",
				);
				PRODUCT_BUNDLE_IDENTIFIER = kwk.ToDoListPractice;
				PRODUCT_NAME = "$(TARGET_NAME)";
				SWIFT_VERSION = 5.0;
				TARGETED_DEVICE_FAMILY = "1,2";
			};
			name = Debug;
		};
		01B8785524A11143008D699D /* Release */ = {
			isa = XCBuildConfiguration;
			buildSettings = {
				ASSETCATALOG_COMPILER_APPICON_NAME = AppIcon;
				CODE_SIGN_STYLE = Automatic;
				INFOPLIST_FILE = ToDoListPractice/Info.plist;
				LD_RUNPATH_SEARCH_PATHS = (
					"$(inherited)",
					"@executable_path/Frameworks",
				);
				PRODUCT_BUNDLE_IDENTIFIER = kwk.ToDoListPractice;
				PRODUCT_NAME = "$(TARGET_NAME)";
				SWIFT_VERSION = 5.0;
				TARGETED_DEVICE_FAMILY = "1,2";
			};
			name = Release;
		};
/* End XCBuildConfiguration section */

/* Begin XCConfigurationList section */
		01B8783724A11141008D699D /* Build configuration list for PBXProject "ToDoListPractice" */ = {
			isa = XCConfigurationList;
			buildConfigurations = (
				01B8785124A11143008D699D /* Debug */,
				01B8785224A11143008D699D /* Release */,
			);
			defaultConfigurationIsVisible = 0;
			defaultConfigurationName = Release;
		};
		01B8785324A11143008D699D /* Build configuration list for PBXNativeTarget "ToDoListPractice" */ = {
			isa = XCConfigurationList;
			buildConfigurations = (
				01B8785424A11143008D699D /* Debug */,
				01B8785524A11143008D699D /* Release */,
			);
			defaultConfigurationIsVisible = 0;
			defaultConfigurationName = Release;
		};
/* End XCConfigurationList section */

/* Begin XCVersionGroup section */
		01B8784824A11141008D699D /* ToDoListPractice.xcdatamodeld */ = {
			isa = XCVersionGroup;
			children = (
				01B8784924A11141008D699D /* ToDoListPractice.xcdatamodel */,
			);
			currentVersion = 01B8784924A11141008D699D /* ToDoListPractice.xcdatamodel */;
			path = ToDoListPractice.xcdatamodeld;
			sourceTree = "<group>";
			versionGroupType = wrapper.xcdatamodel;
		};
/* End XCVersionGroup section */
	};
	rootObject = 01B8783424A11141008D699D /* Project object */;
}
